
Microsoft Visual Studio Solution File, Format Version 12.00
# Visual Studio Version 16
VisualStudioVersion = 16.0.29920.165
MinimumVisualStudioVersion = 10.0.40219.1
Project("{FAE04EC0-301F-11D3-BF4B-00C04F79EFBC}") = "TwoSum", "TwoSum.csproj", "{8FF81E67-2C9F-407B-A443-870E76A51AB5}"
EndProject
Global
	GlobalSection(SolutionConfigurationPlatforms) = preSolution
		Debug|Any CPU = Debug|Any CPU
		Release|Any CPU = Release|Any CPU
	EndGlobalSection
	GlobalSection(ProjectConfigurationPlatforms) = postSolution
		{8FF81E67-2C9F-407B-A443-870E76A51AB5}.Debug|Any CPU.ActiveCfg = Debug|Any CPU
		{8FF81E67-2C9F-407B-A443-870E76A51AB5}.Debug|Any CPU.Build.0 = Debug|Any CPU
		{8FF81E67-2C9F-407B-A443-870E76A51AB5}.Release|Any CPU.ActiveCfg = Release|Any CPU
		{8FF81E67-2C9F-407B-A443-870E76A51AB5}.Release|Any CPU.Build.0 = Release|Any CPU
	EndGlobalSection
	GlobalSection(SolutionProperties) = preSolution
		HideSolutionNode = FALSE
	EndGlobalSection
	GlobalSection(ExtensibilityGlobals) = postSolution
		SolutionGuid = {7834AB4E-76F9-41E5-9C6E-8DE4526AD6C9}
	EndGlobalSection
EndGlobal
